
Microsoft Visual Studio Solution File, Format Version 12.00
# Visual Studio Version 16
VisualStudioVersion = 16.0.30611.23
MinimumVisualStudioVersion = 10.0.40219.1
Project("{FAE04EC0-301F-11D3-BF4B-00C04F79EFBC}") = "fileIO", "fileIO.csproj", "{1FCBAAC1-6C51-4DAB-8275-2C46ED0E5E5D}"
EndProject
Global
	GlobalSection(SolutionConfigurationPlatforms) = preSolution
		Debug|Any CPU = Debug|Any CPU
		Release|Any CPU = Release|Any CPU
	EndGlobalSection
	GlobalSection(ProjectConfigurationPlatforms) = postSolution
		{1FCBAAC1-6C51-4DAB-8275-2C46ED0E5E5D}.Debug|Any CPU.ActiveCfg = Debug|Any CPU
		{1FCBAAC1-6C51-4DAB-8275-2C46ED0E5E5D}.Debug|Any CPU.Build.0 = Debug|Any CPU
		{1FCBAAC1-6C51-4DAB-8275-2C46ED0E5E5D}.Release|Any CPU.ActiveCfg = Release|Any CPU
		{1FCBAAC1-6C51-4DAB-8275-2C46ED0E5E5D}.Release|Any CPU.Build.0 = Release|Any CPU
	EndGlobalSection
	GlobalSection(SolutionProperties) = preSolution
		HideSolutionNode = FALSE
	EndGlobalSection
	GlobalSection(ExtensibilityGlobals) = postSolution
		SolutionGuid = {4536BDA4-A619-4FF1-896B-9C595A1B5F0E}
	EndGlobalSection
EndGlobal
