
Microsoft Visual Studio Solution File, Format Version 12.00
# Visual Studio Version 16
VisualStudioVersion = 16.0.30611.23
MinimumVisualStudioVersion = 10.0.40219.1
Project("{FAE04EC0-301F-11D3-BF4B-00C04F79EFBC}") = "cs_know_when_to_use_new_override", "cs_know_when_to_use_new_override.csproj", "{4D62A778-0A6A-4AED-9CA5-974EDC134242}"
EndProject
Global
	GlobalSection(SolutionConfigurationPlatforms) = preSolution
		Debug|Any CPU = Debug|Any CPU
		Release|Any CPU = Release|Any CPU
	EndGlobalSection
	GlobalSection(ProjectConfigurationPlatforms) = postSolution
		{4D62A778-0A6A-4AED-9CA5-974EDC134242}.Debug|Any CPU.ActiveCfg = Debug|Any CPU
		{4D62A778-0A6A-4AED-9CA5-974EDC134242}.Debug|Any CPU.Build.0 = Debug|Any CPU
		{4D62A778-0A6A-4AED-9CA5-974EDC134242}.Release|Any CPU.ActiveCfg = Release|Any CPU
		{4D62A778-0A6A-4AED-9CA5-974EDC134242}.Release|Any CPU.Build.0 = Release|Any CPU
	EndGlobalSection
	GlobalSection(SolutionProperties) = preSolution
		HideSolutionNode = FALSE
	EndGlobalSection
	GlobalSection(ExtensibilityGlobals) = postSolution
		SolutionGuid = {0EFCBF53-19EE-4925-AD99-37813BBD1274}
	EndGlobalSection
EndGlobal
