
Microsoft Visual Studio Solution File, Format Version 12.00
# Visual Studio Version 16
VisualStudioVersion = 16.0.30907.101
MinimumVisualStudioVersion = 10.0.40219.1
Project("{FAE04EC0-301F-11D3-BF4B-00C04F79EFBC}") = "review", "review.csproj", "{EC2B5BEA-B7E6-4704-95CE-C8B86BE38B0A}"
EndProject
Global
	GlobalSection(SolutionConfigurationPlatforms) = preSolution
		Debug|Any CPU = Debug|Any CPU
		Release|Any CPU = Release|Any CPU
	EndGlobalSection
	GlobalSection(ProjectConfigurationPlatforms) = postSolution
		{EC2B5BEA-B7E6-4704-95CE-C8B86BE38B0A}.Debug|Any CPU.ActiveCfg = Debug|Any CPU
		{EC2B5BEA-B7E6-4704-95CE-C8B86BE38B0A}.Debug|Any CPU.Build.0 = Debug|Any CPU
		{EC2B5BEA-B7E6-4704-95CE-C8B86BE38B0A}.Release|Any CPU.ActiveCfg = Release|Any CPU
		{EC2B5BEA-B7E6-4704-95CE-C8B86BE38B0A}.Release|Any CPU.Build.0 = Release|Any CPU
	EndGlobalSection
	GlobalSection(SolutionProperties) = preSolution
		HideSolutionNode = FALSE
	EndGlobalSection
	GlobalSection(ExtensibilityGlobals) = postSolution
		SolutionGuid = {314907C6-3782-4A6B-8C4F-72EE7CD83BBC}
	EndGlobalSection
EndGlobal
