
Microsoft Visual Studio Solution File, Format Version 12.00
# Visual Studio Version 16
VisualStudioVersion = 16.0.30611.23
MinimumVisualStudioVersion = 10.0.40219.1
Project("{FAE04EC0-301F-11D3-BF4B-00C04F79EFBC}") = "LCSOD_04_make_decisions", "LCSOD_04_make_decisions.csproj", "{906686B7-CCE6-440A-9B7D-BC8DEA5616E6}"
EndProject
Global
	GlobalSection(SolutionConfigurationPlatforms) = preSolution
		Debug|Any CPU = Debug|Any CPU
		Release|Any CPU = Release|Any CPU
	EndGlobalSection
	GlobalSection(ProjectConfigurationPlatforms) = postSolution
		{906686B7-CCE6-440A-9B7D-BC8DEA5616E6}.Debug|Any CPU.ActiveCfg = Debug|Any CPU
		{906686B7-CCE6-440A-9B7D-BC8DEA5616E6}.Debug|Any CPU.Build.0 = Debug|Any CPU
		{906686B7-CCE6-440A-9B7D-BC8DEA5616E6}.Release|Any CPU.ActiveCfg = Release|Any CPU
		{906686B7-CCE6-440A-9B7D-BC8DEA5616E6}.Release|Any CPU.Build.0 = Release|Any CPU
	EndGlobalSection
	GlobalSection(SolutionProperties) = preSolution
		HideSolutionNode = FALSE
	EndGlobalSection
	GlobalSection(ExtensibilityGlobals) = postSolution
		SolutionGuid = {BF8C14FF-7C2C-48C2-86B0-5A4ABFCABC5B}
	EndGlobalSection
EndGlobal
