
Microsoft Visual Studio Solution File, Format Version 12.00
# Visual Studio Version 16
VisualStudioVersion = 16.0.30611.23
MinimumVisualStudioVersion = 10.0.40219.1
Project("{FAE04EC0-301F-11D3-BF4B-00C04F79EFBC}") = "LCSOD_02_arrays_strings_lists", "LCSOD_02_arrays_strings_lists.csproj", "{B3D2F849-DEC7-4EA5-AE08-E6AC5B60EE72}"
EndProject
Global
	GlobalSection(SolutionConfigurationPlatforms) = preSolution
		Debug|Any CPU = Debug|Any CPU
		Release|Any CPU = Release|Any CPU
	EndGlobalSection
	GlobalSection(ProjectConfigurationPlatforms) = postSolution
		{B3D2F849-DEC7-4EA5-AE08-E6AC5B60EE72}.Debug|Any CPU.ActiveCfg = Debug|Any CPU
		{B3D2F849-DEC7-4EA5-AE08-E6AC5B60EE72}.Debug|Any CPU.Build.0 = Debug|Any CPU
		{B3D2F849-DEC7-4EA5-AE08-E6AC5B60EE72}.Release|Any CPU.ActiveCfg = Release|Any CPU
		{B3D2F849-DEC7-4EA5-AE08-E6AC5B60EE72}.Release|Any CPU.Build.0 = Release|Any CPU
	EndGlobalSection
	GlobalSection(SolutionProperties) = preSolution
		HideSolutionNode = FALSE
	EndGlobalSection
	GlobalSection(ExtensibilityGlobals) = postSolution
		SolutionGuid = {D9E5452C-679D-4526-889B-82F14B572B0C}
	EndGlobalSection
EndGlobal
